{
  "version": "3",
  "packages": {
    "specifiers": {
      "jsr:@hono/hono@^4.5.11": "jsr:@hono/hono@4.5.11",
      "jsr:@std/cli@^1.0.5": "jsr:@std/cli@1.0.5",
      "jsr:@std/dotenv@^0.225.2": "jsr:@std/dotenv@0.225.2",
      "npm:@types/node": "npm:@types/node@18.16.19",
      "npm:bwip-js@^4.5.1": "npm:bwip-js@4.5.1",
      "npm:zod@^3.23.8": "npm:zod@3.23.8"
    },
    "jsr": {
      "@hono/hono@4.5.11": {
        "integrity": "5bd6b1a3a503efb746fdcf0aae3ac536dd09229d372988bde5db0798ef64ae4f"
      },
      "@std/cli@1.0.5": {
        "integrity": "c93cce26ffd26f617c15a12874e1bfeabc90b1eee86017c9639093734c2bf587"
      },
      "@std/dotenv@0.225.2": {
        "integrity": "e2025dce4de6c7bca21dece8baddd4262b09d5187217e231b033e088e0c4dd23"
      }
    },
    "npm": {
      "@types/node@18.16.19": {
        "integrity": "sha512-IXl7o+R9iti9eBW4Wg2hx1xQDig183jj7YLn8F7udNceyfkbn1ZxmzZXuak20gR40D7pIkIY1kYGx5VIGbaHKA==",
        "dependencies": {}
      },
      "bwip-js@4.5.1": {
        "integrity": "sha512-83yQCKiIftz5YonnsTh6wIkFoHHWl+B/XaGWD1UdRw7aB6XP9JtyYP9n8sRy3m5rzL+Ch/RUPnu28UW0RrPZUA==",
        "dependencies": {}
      },
      "zod@3.23.8": {
        "integrity": "sha512-XBx9AXhXktjUqnepgTiE5flcKIYWi/rme0Eaj+5Y0lftuGBq+jyRu/md4WnuxqgP1ubdpNCsYEYPxrzVHD8d6g==",
        "dependencies": {}
      }
    }
  },
  "remote": {},
  "workspace": {
    "dependencies": [
      "jsr:@hono/hono@^4.5.11",
      "jsr:@std/cli@^1.0.5",
      "jsr:@std/datetime@^0.225.2",
      "jsr:@std/dotenv@^0.225.2",
      "npm:bwip-js@^4.5.1",
      "npm:zod@^3.23.8"
    ]
  }
}
