{
  "version": "3",
  "packages": {
    "specifiers": {
      "npm:zod@^3.23.8": "npm:zod@3.23.8"
    },
    "npm": {
      "zod@3.23.8": {
        "integrity": "sha512-XBx9AXhXktjUqnepgTiE5flcKIYWi/rme0Eaj+5Y0lftuGBq+jyRu/md4WnuxqgP1ubdpNCsYEYPxrzVHD8d6g==",
        "dependencies": {}
      }
    }
  },
  "remote": {},
  "workspace": {
    "dependencies": [
      "jsr:@hono/hono@^4.5.11",
      "jsr:@std/datetime@^0.225.2",
      "npm:zod@^3.23.8"
    ]
  }
}
